
Microsoft Visual Studio Solution File, Format Version 12.00
# Visual Studio Version 16
VisualStudioVersion = 16.0.29215.179
MinimumVisualStudioVersion = 10.0.40219.1
Project("{FAE04EC0-301F-11D3-BF4B-00C04F79EFBC}") = "OpligatoriskOpgave1", "OpligatoriskOpgave1\OpligatoriskOpgave1.csproj", "{7C4DA734-30F3-400B-A024-AC34CE193DCA}"
EndProject
Project("{FAE04EC0-301F-11D3-BF4B-00C04F79EFBC}") = "UnitTestObligatorisk", "UnitTestObligatorisk\UnitTestObligatorisk.csproj", "{D72EBDA4-AB45-4406-BA97-86FC50DAC757}"
EndProject
Global
	GlobalSection(SolutionConfigurationPlatforms) = preSolution
		Debug|Any CPU = Debug|Any CPU
		Release|Any CPU = Release|Any CPU
	EndGlobalSection
	GlobalSection(ProjectConfigurationPlatforms) = postSolution
		{7C4DA734-30F3-400B-A024-AC34CE193DCA}.Debug|Any CPU.ActiveCfg = Debug|Any CPU
		{7C4DA734-30F3-400B-A024-AC34CE193DCA}.Debug|Any CPU.Build.0 = Debug|Any CPU
		{7C4DA734-30F3-400B-A024-AC34CE193DCA}.Release|Any CPU.ActiveCfg = Release|Any CPU
		{7C4DA734-30F3-400B-A024-AC34CE193DCA}.Release|Any CPU.Build.0 = Release|Any CPU
		{D72EBDA4-AB45-4406-BA97-86FC50DAC757}.Debug|Any CPU.ActiveCfg = Debug|Any CPU
		{D72EBDA4-AB45-4406-BA97-86FC50DAC757}.Debug|Any CPU.Build.0 = Debug|Any CPU
		{D72EBDA4-AB45-4406-BA97-86FC50DAC757}.Release|Any CPU.ActiveCfg = Release|Any CPU
		{D72EBDA4-AB45-4406-BA97-86FC50DAC757}.Release|Any CPU.Build.0 = Release|Any CPU
	EndGlobalSection
	GlobalSection(SolutionProperties) = preSolution
		HideSolutionNode = FALSE
	EndGlobalSection
	GlobalSection(ExtensibilityGlobals) = postSolution
		SolutionGuid = {B5F77878-4F66-42F1-A685-71F79D62C1E8}
	EndGlobalSection
EndGlobal
